
Microsoft Visual Studio Solution File, Format Version 12.00
# Visual Studio Version 17
VisualStudioVersion = 17.9.34728.123
MinimumVisualStudioVersion = 10.0.40219.1
Project("{2150E333-8FDC-42A3-9474-1A3956D46DE8}") = "Services", "Services", "{E6C485A6-A47B-4463-8253-C1A9915256A2}"
EndProject
Project("{2150E333-8FDC-42A3-9474-1A3956D46DE8}") = "Worker", "Worker", "{A1EA3F87-3E5F-4E5D-AD8A-1B92EECD73DB}"
EndProject
Project("{FAE04EC0-301F-11D3-BF4B-00C04F79EFBC}") = "Worker.Domain", "Worker.Domain\Worker.Domain.csproj", "{CF669D10-3CC8-4206-B6F6-86D85532828B}"
EndProject
Project("{FAE04EC0-301F-11D3-BF4B-00C04F79EFBC}") = "Worker.Application", "Worker.Application\Worker.Application.csproj", "{7D16E150-9772-4F41-AE56-2756E05397FD}"
EndProject
Project("{FAE04EC0-301F-11D3-BF4B-00C04F79EFBC}") = "Worker.Infrastructure", "Worker.Infrastructure\Worker.Infrastructure.csproj", "{1F6D9538-25B7-4AF8-B64E-7110C4A14113}"
EndProject
Project("{2150E333-8FDC-42A3-9474-1A3956D46DE8}") = "Service01", "Service01", "{2FC8C42C-DB52-4E42-BE1D-988CEE5F4E79}"
EndProject
Project("{2150E333-8FDC-42A3-9474-1A3956D46DE8}") = "Service02", "Service02", "{8C743D5F-4640-470A-B7B9-D938EC1F8F9E}"
EndProject
Project("{FAE04EC0-301F-11D3-BF4B-00C04F79EFBC}") = "Service01", "Service01\Service01.csproj", "{4A63099A-203A-4A4D-BEA3-56307A45555D}"
EndProject
Project("{FAE04EC0-301F-11D3-BF4B-00C04F79EFBC}") = "Service02", "Service02\Service02.csproj", "{07290241-3745-4F25-B596-9781C49B2A96}"
EndProject
Project("{2150E333-8FDC-42A3-9474-1A3956D46DE8}") = "Service03", "Service03", "{CBB39B8B-1D58-4145-A6FB-4C0690746983}"
EndProject
Project("{FAE04EC0-301F-11D3-BF4B-00C04F79EFBC}") = "Service03", "Service03\Service03.csproj", "{8F0214A9-C4AA-4117-92E6-ECA65422CBAB}"
EndProject
Project("{2150E333-8FDC-42A3-9474-1A3956D46DE8}") = "Infrastructure", "Infrastructure", "{C606E917-8BB3-4D41-94FF-2CC09E2010ED}"
EndProject
Project("{FAE04EC0-301F-11D3-BF4B-00C04F79EFBC}") = "EventBus.Messages", "EventBus.Messages\EventBus.Messages.csproj", "{51164F96-E08A-4FEB-9BCA-BCE091D5525F}"
EndProject
Project("{E53339B2-1760-4266-BCC7-CA923CBCF16C}") = "docker-compose", "docker-compose.dcproj", "{7E690189-5FDE-47CD-BC90-D525AFEEAE1D}"
EndProject
Project("{FAE04EC0-301F-11D3-BF4B-00C04F79EFBC}") = "Worker.Service", "Worker.Service\Worker.Service.csproj", "{10A7D135-35E8-483C-B764-DE5E6485267A}"
EndProject
Global
	GlobalSection(SolutionConfigurationPlatforms) = preSolution
		Debug|Any CPU = Debug|Any CPU
		Release|Any CPU = Release|Any CPU
	EndGlobalSection
	GlobalSection(ProjectConfigurationPlatforms) = postSolution
		{CF669D10-3CC8-4206-B6F6-86D85532828B}.Debug|Any CPU.ActiveCfg = Debug|Any CPU
		{CF669D10-3CC8-4206-B6F6-86D85532828B}.Debug|Any CPU.Build.0 = Debug|Any CPU
		{CF669D10-3CC8-4206-B6F6-86D85532828B}.Release|Any CPU.ActiveCfg = Release|Any CPU
		{CF669D10-3CC8-4206-B6F6-86D85532828B}.Release|Any CPU.Build.0 = Release|Any CPU
		{7D16E150-9772-4F41-AE56-2756E05397FD}.Debug|Any CPU.ActiveCfg = Debug|Any CPU
		{7D16E150-9772-4F41-AE56-2756E05397FD}.Debug|Any CPU.Build.0 = Debug|Any CPU
		{7D16E150-9772-4F41-AE56-2756E05397FD}.Release|Any CPU.ActiveCfg = Release|Any CPU
		{7D16E150-9772-4F41-AE56-2756E05397FD}.Release|Any CPU.Build.0 = Release|Any CPU
		{1F6D9538-25B7-4AF8-B64E-7110C4A14113}.Debug|Any CPU.ActiveCfg = Debug|Any CPU
		{1F6D9538-25B7-4AF8-B64E-7110C4A14113}.Debug|Any CPU.Build.0 = Debug|Any CPU
		{1F6D9538-25B7-4AF8-B64E-7110C4A14113}.Release|Any CPU.ActiveCfg = Release|Any CPU
		{1F6D9538-25B7-4AF8-B64E-7110C4A14113}.Release|Any CPU.Build.0 = Release|Any CPU
		{4A63099A-203A-4A4D-BEA3-56307A45555D}.Debug|Any CPU.ActiveCfg = Debug|Any CPU
		{4A63099A-203A-4A4D-BEA3-56307A45555D}.Debug|Any CPU.Build.0 = Debug|Any CPU
		{4A63099A-203A-4A4D-BEA3-56307A45555D}.Release|Any CPU.ActiveCfg = Release|Any CPU
		{4A63099A-203A-4A4D-BEA3-56307A45555D}.Release|Any CPU.Build.0 = Release|Any CPU
		{07290241-3745-4F25-B596-9781C49B2A96}.Debug|Any CPU.ActiveCfg = Debug|Any CPU
		{07290241-3745-4F25-B596-9781C49B2A96}.Debug|Any CPU.Build.0 = Debug|Any CPU
		{07290241-3745-4F25-B596-9781C49B2A96}.Release|Any CPU.ActiveCfg = Release|Any CPU
		{07290241-3745-4F25-B596-9781C49B2A96}.Release|Any CPU.Build.0 = Release|Any CPU
		{8F0214A9-C4AA-4117-92E6-ECA65422CBAB}.Debug|Any CPU.ActiveCfg = Debug|Any CPU
		{8F0214A9-C4AA-4117-92E6-ECA65422CBAB}.Debug|Any CPU.Build.0 = Debug|Any CPU
		{8F0214A9-C4AA-4117-92E6-ECA65422CBAB}.Release|Any CPU.ActiveCfg = Release|Any CPU
		{8F0214A9-C4AA-4117-92E6-ECA65422CBAB}.Release|Any CPU.Build.0 = Release|Any CPU
		{51164F96-E08A-4FEB-9BCA-BCE091D5525F}.Debug|Any CPU.ActiveCfg = Debug|Any CPU
		{51164F96-E08A-4FEB-9BCA-BCE091D5525F}.Debug|Any CPU.Build.0 = Debug|Any CPU
		{51164F96-E08A-4FEB-9BCA-BCE091D5525F}.Release|Any CPU.ActiveCfg = Release|Any CPU
		{51164F96-E08A-4FEB-9BCA-BCE091D5525F}.Release|Any CPU.Build.0 = Release|Any CPU
		{7E690189-5FDE-47CD-BC90-D525AFEEAE1D}.Debug|Any CPU.ActiveCfg = Debug|Any CPU
		{7E690189-5FDE-47CD-BC90-D525AFEEAE1D}.Debug|Any CPU.Build.0 = Debug|Any CPU
		{7E690189-5FDE-47CD-BC90-D525AFEEAE1D}.Release|Any CPU.ActiveCfg = Release|Any CPU
		{7E690189-5FDE-47CD-BC90-D525AFEEAE1D}.Release|Any CPU.Build.0 = Release|Any CPU
		{10A7D135-35E8-483C-B764-DE5E6485267A}.Debug|Any CPU.ActiveCfg = Debug|Any CPU
		{10A7D135-35E8-483C-B764-DE5E6485267A}.Debug|Any CPU.Build.0 = Debug|Any CPU
		{10A7D135-35E8-483C-B764-DE5E6485267A}.Release|Any CPU.ActiveCfg = Release|Any CPU
		{10A7D135-35E8-483C-B764-DE5E6485267A}.Release|Any CPU.Build.0 = Release|Any CPU
	EndGlobalSection
	GlobalSection(SolutionProperties) = preSolution
		HideSolutionNode = FALSE
	EndGlobalSection
	GlobalSection(NestedProjects) = preSolution
		{CF669D10-3CC8-4206-B6F6-86D85532828B} = {A1EA3F87-3E5F-4E5D-AD8A-1B92EECD73DB}
		{7D16E150-9772-4F41-AE56-2756E05397FD} = {A1EA3F87-3E5F-4E5D-AD8A-1B92EECD73DB}
		{1F6D9538-25B7-4AF8-B64E-7110C4A14113} = {A1EA3F87-3E5F-4E5D-AD8A-1B92EECD73DB}
		{2FC8C42C-DB52-4E42-BE1D-988CEE5F4E79} = {E6C485A6-A47B-4463-8253-C1A9915256A2}
		{8C743D5F-4640-470A-B7B9-D938EC1F8F9E} = {E6C485A6-A47B-4463-8253-C1A9915256A2}
		{4A63099A-203A-4A4D-BEA3-56307A45555D} = {2FC8C42C-DB52-4E42-BE1D-988CEE5F4E79}
		{07290241-3745-4F25-B596-9781C49B2A96} = {8C743D5F-4640-470A-B7B9-D938EC1F8F9E}
		{CBB39B8B-1D58-4145-A6FB-4C0690746983} = {E6C485A6-A47B-4463-8253-C1A9915256A2}
		{8F0214A9-C4AA-4117-92E6-ECA65422CBAB} = {CBB39B8B-1D58-4145-A6FB-4C0690746983}
		{51164F96-E08A-4FEB-9BCA-BCE091D5525F} = {C606E917-8BB3-4D41-94FF-2CC09E2010ED}
		{10A7D135-35E8-483C-B764-DE5E6485267A} = {A1EA3F87-3E5F-4E5D-AD8A-1B92EECD73DB}
	EndGlobalSection
	GlobalSection(ExtensibilityGlobals) = postSolution
		SolutionGuid = {FD54CC1F-959F-42D5-8486-8CB577471D27}
	EndGlobalSection
EndGlobal
